
Microsoft Visual Studio Solution File, Format Version 12.00
# Visual Studio Version 17
VisualStudioVersion = 17.5.33530.505
MinimumVisualStudioVersion = 10.0.40219.1
Project("{FAE04EC0-301F-11D3-BF4B-00C04F79EFBC}") = "ATM", "ATM\ATM.csproj", "{F9A2C01C-04C5-475B-9F3C-B2995A1EFC21}"
EndProject
Global
	GlobalSection(SolutionConfigurationPlatforms) = preSolution
		Debug|Any CPU = Debug|Any CPU
		Release|Any CPU = Release|Any CPU
	EndGlobalSection
	GlobalSection(ProjectConfigurationPlatforms) = postSolution
		{F9A2C01C-04C5-475B-9F3C-B2995A1EFC21}.Debug|Any CPU.ActiveCfg = Debug|Any CPU
		{F9A2C01C-04C5-475B-9F3C-B2995A1EFC21}.Debug|Any CPU.Build.0 = Debug|Any CPU
		{F9A2C01C-04C5-475B-9F3C-B2995A1EFC21}.Release|Any CPU.ActiveCfg = Release|Any CPU
		{F9A2C01C-04C5-475B-9F3C-B2995A1EFC21}.Release|Any CPU.Build.0 = Release|Any CPU
	EndGlobalSection
	GlobalSection(SolutionProperties) = preSolution
		HideSolutionNode = FALSE
	EndGlobalSection
	GlobalSection(ExtensibilityGlobals) = postSolution
		SolutionGuid = {FAEFD9CD-40F6-42BA-8109-2C7206F2D6DB}
	EndGlobalSection
EndGlobal
